
Microsoft Visual Studio Solution File, Format Version 12.00
# Visual Studio Version 16
VisualStudioVersion = 16.0.31205.134
MinimumVisualStudioVersion = 10.0.40219.1
Project("{FAE04EC0-301F-11D3-BF4B-00C04F79EFBC}") = "ProyectoHolaMundo.Consola", "ProyectoHolaMundo.Consola\ProyectoHolaMundo.Consola.csproj", "{E37FC81A-0270-4DE9-B31C-7FFA3383D1A8}"
EndProject
Project("{FAE04EC0-301F-11D3-BF4B-00C04F79EFBC}") = "ProyectoHolaMundo.Libreria", "ProyectoHolaMundo.Libreria\ProyectoHolaMundo.Libreria.csproj", "{6D060E30-582A-4D47-87BD-150DC3B8354F}"
EndProject
Global
	GlobalSection(SolutionConfigurationPlatforms) = preSolution
		Debug|Any CPU = Debug|Any CPU
		Release|Any CPU = Release|Any CPU
	EndGlobalSection
	GlobalSection(ProjectConfigurationPlatforms) = postSolution
		{E37FC81A-0270-4DE9-B31C-7FFA3383D1A8}.Debug|Any CPU.ActiveCfg = Debug|Any CPU
		{E37FC81A-0270-4DE9-B31C-7FFA3383D1A8}.Debug|Any CPU.Build.0 = Debug|Any CPU
		{E37FC81A-0270-4DE9-B31C-7FFA3383D1A8}.Release|Any CPU.ActiveCfg = Release|Any CPU
		{E37FC81A-0270-4DE9-B31C-7FFA3383D1A8}.Release|Any CPU.Build.0 = Release|Any CPU
		{6D060E30-582A-4D47-87BD-150DC3B8354F}.Debug|Any CPU.ActiveCfg = Debug|Any CPU
		{6D060E30-582A-4D47-87BD-150DC3B8354F}.Debug|Any CPU.Build.0 = Debug|Any CPU
		{6D060E30-582A-4D47-87BD-150DC3B8354F}.Release|Any CPU.ActiveCfg = Release|Any CPU
		{6D060E30-582A-4D47-87BD-150DC3B8354F}.Release|Any CPU.Build.0 = Release|Any CPU
	EndGlobalSection
	GlobalSection(SolutionProperties) = preSolution
		HideSolutionNode = FALSE
	EndGlobalSection
	GlobalSection(ExtensibilityGlobals) = postSolution
		SolutionGuid = {4C385CE9-70BD-45BC-831A-8A50DA609B69}
	EndGlobalSection
EndGlobal
